// !$*UTF8*$!
{
	archiveVersion = 1;
	classes = {
	};
	objectVersion = 50;
	objects = {

/* Begin PBXBuildFile section */
		3D3F252721AE82BC007DDCDD /* SourceViewController.swift in Sources */ = {isa = PBXBuildFile; fileRef = 3D3F252621AE82BC007DDCDD /* SourceViewController.swift */; };
		3D3F252921AE83E7007DDCDD /* DetailViewController.swift in Sources */ = {isa = PBXBuildFile; fileRef = 3D3F252821AE83E7007DDCDD /* DetailViewController.swift */; };
		3DA526F221AE735B00BC7D18 /* AppDelegate.swift in Sources */ = {isa = PBXBuildFile; fileRef = 3DA526F121AE735B00BC7D18 /* AppDelegate.swift */; };
		3DA526F421AE735B00BC7D18 /* ViewController.swift in Sources */ = {isa = PBXBuildFile; fileRef = 3DA526F321AE735B00BC7D18 /* ViewController.swift */; };
		3DA526F621AE735C00BC7D18 /* Assets.xcassets in Resources */ = {isa = PBXBuildFile; fileRef = 3DA526F521AE735C00BC7D18 /* Assets.xcassets */; };
		3DA526F921AE735C00BC7D18 /* Main.storyboard in Resources */ = {isa = PBXBuildFile; fileRef = 3DA526F721AE735C00BC7D18 /* Main.storyboard */; };
		3DA5270721AE759B00BC7D18 /* display_screen_large_2x.jpg in Resources */ = {isa = PBXBuildFile; fileRef = 3DA5270221AE759B00BC7D18 /* display_screen_large_2x.jpg */; };
		3DA5270821AE759B00BC7D18 /* mbp-mac.jpg in Resources */ = {isa = PBXBuildFile; fileRef = 3DA5270321AE759B00BC7D18 /* mbp-mac.jpg */; };
		3DA5270921AE759B00BC7D18 /* Dh9bhswW4AEFnBW.jpg_large.jpg in Resources */ = {isa = PBXBuildFile; fileRef = 3DA5270421AE759B00BC7D18 /* Dh9bhswW4AEFnBW.jpg_large.jpg */; };
		3DA5270A21AE759B00BC7D18 /* Dh9bhssWsAA7XSm.png_large.png in Resources */ = {isa = PBXBuildFile; fileRef = 3DA5270521AE759B00BC7D18 /* Dh9bhssWsAA7XSm.png_large.png */; };
		3DA5270B21AE759B00BC7D18 /* Dh9bhs3WsAASff_.png_large.png in Resources */ = {isa = PBXBuildFile; fileRef = 3DA5270621AE759B00BC7D18 /* Dh9bhs3WsAASff_.png_large.png */; };
/* End PBXBuildFile section */

/* Begin PBXFileReference section */
		3D3F252621AE82BC007DDCDD /* SourceViewController.swift */ = {isa = PBXFileReference; lastKnownFileType = sourcecode.swift; path = SourceViewController.swift; sourceTree = "<group>"; };
		3D3F252821AE83E7007DDCDD /* DetailViewController.swift */ = {isa = PBXFileReference; lastKnownFileType = sourcecode.swift; path = DetailViewController.swift; sourceTree = "<group>"; };
		3DA526EE21AE735B00BC7D18 /* Project1.app */ = {isa = PBXFileReference; explicitFileType = wrapper.application; includeInIndex = 0; path = Project1.app; sourceTree = BUILT_PRODUCTS_DIR; };
		3DA526F121AE735B00BC7D18 /* AppDelegate.swift */ = {isa = PBXFileReference; lastKnownFileType = sourcecode.swift; path = AppDelegate.swift; sourceTree = "<group>"; };
		3DA526F321AE735B00BC7D18 /* ViewController.swift */ = {isa = PBXFileReference; lastKnownFileType = sourcecode.swift; path = ViewController.swift; sourceTree = "<group>"; };
		3DA526F521AE735C00BC7D18 /* Assets.xcassets */ = {isa = PBXFileReference; lastKnownFileType = folder.assetcatalog; path = Assets.xcassets; sourceTree = "<group>"; };
		3DA526F821AE735C00BC7D18 /* Base */ = {isa = PBXFileReference; lastKnownFileType = file.storyboard; name = Base; path = Base.lproj/Main.storyboard; sourceTree = "<group>"; };
		3DA526FA21AE735C00BC7D18 /* Info.plist */ = {isa = PBXFileReference; lastKnownFileType = text.plist.xml; path = Info.plist; sourceTree = "<group>"; };
		3DA526FB21AE735C00BC7D18 /* Project1.entitlements */ = {isa = PBXFileReference; lastKnownFileType = text.plist.entitlements; path = Project1.entitlements; sourceTree = "<group>"; };
		3DA5270221AE759B00BC7D18 /* display_screen_large_2x.jpg */ = {isa = PBXFileReference; lastKnownFileType = image.jpeg; path = display_screen_large_2x.jpg; sourceTree = "<group>"; };
		3DA5270321AE759B00BC7D18 /* mbp-mac.jpg */ = {isa = PBXFileReference; lastKnownFileType = image.jpeg; path = "mbp-mac.jpg"; sourceTree = "<group>"; };
		3DA5270421AE759B00BC7D18 /* Dh9bhswW4AEFnBW.jpg_large.jpg */ = {isa = PBXFileReference; lastKnownFileType = image.jpeg; path = Dh9bhswW4AEFnBW.jpg_large.jpg; sourceTree = "<group>"; };
		3DA5270521AE759B00BC7D18 /* Dh9bhssWsAA7XSm.png_large.png */ = {isa = PBXFileReference; lastKnownFileType = image.png; path = Dh9bhssWsAA7XSm.png_large.png; sourceTree = "<group>"; };
		3DA5270621AE759B00BC7D18 /* Dh9bhs3WsAASff_.png_large.png */ = {isa = PBXFileReference; lastKnownFileType = image.png; path = Dh9bhs3WsAASff_.png_large.png; sourceTree = "<group>"; };
/* End PBXFileReference section */

/* Begin PBXFrameworksBuildPhase section */
		3DA526EB21AE735B00BC7D18 /* Frameworks */ = {
			isa = PBXFrameworksBuildPhase;
			buildActionMask = 2147483647;
			files = (
			);
			runOnlyForDeploymentPostprocessing = 0;
		};
/* End PBXFrameworksBuildPhase section */

/* Begin PBXGroup section */
		3DA526E521AE735B00BC7D18 = {
			isa = PBXGroup;
			children = (
				3DA526F021AE735B00BC7D18 /* Project1 */,
				3DA526EF21AE735B00BC7D18 /* Products */,
			);
			sourceTree = "<group>";
		};
		3DA526EF21AE735B00BC7D18 /* Products */ = {
			isa = PBXGroup;
			children = (
				3DA526EE21AE735B00BC7D18 /* Project1.app */,
			);
			name = Products;
			sourceTree = "<group>";
		};
		3DA526F021AE735B00BC7D18 /* Project1 */ = {
			isa = PBXGroup;
			children = (
				3DA526F121AE735B00BC7D18 /* AppDelegate.swift */,
				3DA526F321AE735B00BC7D18 /* ViewController.swift */,
				3DA526F521AE735C00BC7D18 /* Assets.xcassets */,
				3DA526F721AE735C00BC7D18 /* Main.storyboard */,
				3D3F252621AE82BC007DDCDD /* SourceViewController.swift */,
				3D3F252821AE83E7007DDCDD /* DetailViewController.swift */,
				3DA526FA21AE735C00BC7D18 /* Info.plist */,
				3DA526FB21AE735C00BC7D18 /* Project1.entitlements */,
				3DA5270121AE759B00BC7D18 /* Content */,
			);
			path = Project1;
			sourceTree = "<group>";
		};
		3DA5270121AE759B00BC7D18 /* Content */ = {
			isa = PBXGroup;
			children = (
				3DA5270221AE759B00BC7D18 /* display_screen_large_2x.jpg */,
				3DA5270321AE759B00BC7D18 /* mbp-mac.jpg */,
				3DA5270421AE759B00BC7D18 /* Dh9bhswW4AEFnBW.jpg_large.jpg */,
				3DA5270521AE759B00BC7D18 /* Dh9bhssWsAA7XSm.png_large.png */,
				3DA5270621AE759B00BC7D18 /* Dh9bhs3WsAASff_.png_large.png */,
			);
			path = Content;
			sourceTree = "<group>";
		};
/* End PBXGroup section */

/* Begin PBXNativeTarget section */
		3DA526ED21AE735B00BC7D18 /* Project1 */ = {
			isa = PBXNativeTarget;
			buildConfigurationList = 3DA526FE21AE735C00BC7D18 /* Build configuration list for PBXNativeTarget "Project1" */;
			buildPhases = (
				3DA526EA21AE735B00BC7D18 /* Sources */,
				3DA526EB21AE735B00BC7D18 /* Frameworks */,
				3DA526EC21AE735B00BC7D18 /* Resources */,
			);
			buildRules = (
			);
			dependencies = (
			);
			name = Project1;
			productName = Project1;
			productReference = 3DA526EE21AE735B00BC7D18 /* Project1.app */;
			productType = "com.apple.product-type.application";
		};
/* End PBXNativeTarget section */

/* Begin PBXProject section */
		3DA526E621AE735B00BC7D18 /* Project object */ = {
			isa = PBXProject;
			attributes = {
				LastSwiftUpdateCheck = 1010;
				LastUpgradeCheck = 1010;
				ORGANIZATIONNAME = "Tianyu Li";
				TargetAttributes = {
					3DA526ED21AE735B00BC7D18 = {
						CreatedOnToolsVersion = 10.1;
					};
				};
			};
			buildConfigurationList = 3DA526E921AE735B00BC7D18 /* Build configuration list for PBXProject "Project1" */;
			compatibilityVersion = "Xcode 9.3";
			developmentRegion = en;
			hasScannedForEncodings = 0;
			knownRegions = (
				en,
				Base,
			);
			mainGroup = 3DA526E521AE735B00BC7D18;
			productRefGroup = 3DA526EF21AE735B00BC7D18 /* Products */;
			projectDirPath = "";
			projectRoot = "";
			targets = (
				3DA526ED21AE735B00BC7D18 /* Project1 */,
			);
		};
/* End PBXProject section */

/* Begin PBXResourcesBuildPhase section */
		3DA526EC21AE735B00BC7D18 /* Resources */ = {
			isa = PBXResourcesBuildPhase;
			buildActionMask = 2147483647;
			files = (
				3DA5270721AE759B00BC7D18 /* display_screen_large_2x.jpg in Resources */,
				3DA526F621AE735C00BC7D18 /* Assets.xcassets in Resources */,
				3DA526F921AE735C00BC7D18 /* Main.storyboard in Resources */,
				3DA5270921AE759B00BC7D18 /* Dh9bhswW4AEFnBW.jpg_large.jpg in Resources */,
				3DA5270821AE759B00BC7D18 /* mbp-mac.jpg in Resources */,
				3DA5270A21AE759B00BC7D18 /* Dh9bhssWsAA7XSm.png_large.png in Resources */,
				3DA5270B21AE759B00BC7D18 /* Dh9bhs3WsAASff_.png_large.png in Resources */,
			);
			runOnlyForDeploymentPostprocessing = 0;
		};
/* End PBXResourcesBuildPhase section */

/* Begin PBXSourcesBuildPhase section */
		3DA526EA21AE735B00BC7D18 /* Sources */ = {
			isa = PBXSourcesBuildPhase;
			buildActionMask = 2147483647;
			files = (
				3DA526F421AE735B00BC7D18 /* ViewController.swift in Sources */,
				3DA526F221AE735B00BC7D18 /* AppDelegate.swift in Sources */,
				3D3F252721AE82BC007DDCDD /* SourceViewController.swift in Sources */,
				3D3F252921AE83E7007DDCDD /* DetailViewController.swift in Sources */,
			);
			runOnlyForDeploymentPostprocessing = 0;
		};
/* End PBXSourcesBuildPhase section */

/* Begin PBXVariantGroup section */
		3DA526F721AE735C00BC7D18 /* Main.storyboard */ = {
			isa = PBXVariantGroup;
			children = (
				3DA526F821AE735C00BC7D18 /* Base */,
			);
			name = Main.storyboard;
			sourceTree = "<group>";
		};
/* End PBXVariantGroup section */

/* Begin XCBuildConfiguration section */
		3DA526FC21AE735C00BC7D18 /* Debug */ = {
			isa = XCBuildConfiguration;
			buildSettings = {
				ALWAYS_SEARCH_USER_PATHS = NO;
				CLANG_ANALYZER_NONNULL = YES;
				CLANG_ANALYZER_NUMBER_OBJECT_CONVERSION = YES_AGGRESSIVE;
				CLANG_CXX_LANGUAGE_STANDARD = "gnu++14";
				CLANG_CXX_LIBRARY = "libc++";
				CLANG_ENABLE_MODULES = YES;
				CLANG_ENABLE_OBJC_ARC = YES;
				CLANG_ENABLE_OBJC_WEAK = YES;
				CLANG_WARN_BLOCK_CAPTURE_AUTORELEASING = YES;
				CLANG_WARN_BOOL_CONVERSION = YES;
				CLANG_WARN_COMMA = YES;
				CLANG_WARN_CONSTANT_CONVERSION = YES;
				CLANG_WARN_DEPRECATED_OBJC_IMPLEMENTATIONS = YES;
				CLANG_WARN_DIRECT_OBJC_ISA_USAGE = YES_ERROR;
				CLANG_WARN_DOCUMENTATION_COMMENTS = YES;
				CLANG_WARN_EMPTY_BODY = YES;
				CLANG_WARN_ENUM_CONVERSION = YES;
				CLANG_WARN_INFINITE_RECURSION = YES;
				CLANG_WARN_INT_CONVERSION = YES;
				CLANG_WARN_NON_LITERAL_NULL_CONVERSION = YES;
				CLANG_WARN_OBJC_IMPLICIT_RETAIN_SELF = YES;
				CLANG_WARN_OBJC_LITERAL_CONVERSION = YES;
				CLANG_WARN_OBJC_ROOT_CLASS = YES_ERROR;
				CLANG_WARN_RANGE_LOOP_ANALYSIS = YES;
				CLANG_WARN_STRICT_PROTOTYPES = YES;
				CLANG_WARN_SUSPICIOUS_MOVE = YES;
				CLANG_WARN_UNGUARDED_AVAILABILITY = YES_AGGRESSIVE;
				CLANG_WARN_UNREACHABLE_CODE = YES;
				CLANG_WARN__DUPLICATE_METHOD_MATCH = YES;
				CODE_SIGN_IDENTITY = "Mac Developer";
				COPY_PHASE_STRIP = NO;
				DEBUG_INFORMATION_FORMAT = dwarf;
				ENABLE_STRICT_OBJC_MSGSEND = YES;
				ENABLE_TESTABILITY = YES;
				GCC_C_LANGUAGE_STANDARD = gnu11;
				GCC_DYNAMIC_NO_PIC = NO;
				GCC_NO_COMMON_BLOCKS = YES;
				GCC_OPTIMIZATION_LEVEL = 0;
				GCC_PREPROCESSOR_DEFINITIONS = (
					"DEBUG=1",
					"$(inherited)",
				);
				GCC_WARN_64_TO_32_BIT_CONVERSION = YES;
				GCC_WARN_ABOUT_RETURN_TYPE = YES_ERROR;
				GCC_WARN_UNDECLARED_SELECTOR = YES;
				GCC_WARN_UNINITIALIZED_AUTOS = YES_AGGRESSIVE;
				GCC_WARN_UNUSED_FUNCTION = YES;
				GCC_WARN_UNUSED_VARIABLE = YES;
				MACOSX_DEPLOYMENT_TARGET = 10.14;
				MTL_ENABLE_DEBUG_INFO = INCLUDE_SOURCE;
				MTL_FAST_MATH = YES;
				ONLY_ACTIVE_ARCH = YES;
				SDKROOT = macosx;
				SWIFT_ACTIVE_COMPILATION_CONDITIONS = DEBUG;
				SWIFT_OPTIMIZATION_LEVEL = "-Onone";
			};
			name = Debug;
		};
		3DA526FD21AE735C00BC7D18 /* Release */ = {
			isa = XCBuildConfiguration;
			buildSettings = {
				ALWAYS_SEARCH_USER_PATHS = NO;
				CLANG_ANALYZER_NONNULL = YES;
				CLANG_ANALYZER_NUMBER_OBJECT_CONVERSION = YES_AGGRESSIVE;
				CLANG_CXX_LANGUAGE_STANDARD = "gnu++14";
				CLANG_CXX_LIBRARY = "libc++";
				CLANG_ENABLE_MODULES = YES;
				CLANG_ENABLE_OBJC_ARC = YES;
				CLANG_ENABLE_OBJC_WEAK = YES;
				CLANG_WARN_BLOCK_CAPTURE_AUTORELEASING = YES;
				CLANG_WARN_BOOL_CONVERSION = YES;
				CLANG_WARN_COMMA = YES;
				CLANG_WARN_CONSTANT_CONVERSION = YES;
				CLANG_WARN_DEPRECATED_OBJC_IMPLEMENTATIONS = YES;
				CLANG_WARN_DIRECT_OBJC_ISA_USAGE = YES_ERROR;
				CLANG_WARN_DOCUMENTATION_COMMENTS = YES;
				CLANG_WARN_EMPTY_BODY = YES;
				CLANG_WARN_ENUM_CONVERSION = YES;
				CLANG_WARN_INFINITE_RECURSION = YES;
				CLANG_WARN_INT_CONVERSION = YES;
				CLANG_WARN_NON_LITERAL_NULL_CONVERSION = YES;
				CLANG_WARN_OBJC_IMPLICIT_RETAIN_SELF = YES;
				CLANG_WARN_OBJC_LITERAL_CONVERSION = YES;
				CLANG_WARN_OBJC_ROOT_CLASS = YES_ERROR;
				CLANG_WARN_RANGE_LOOP_ANALYSIS = YES;
				CLANG_WARN_STRICT_PROTOTYPES = YES;
				CLANG_WARN_SUSPICIOUS_MOVE = YES;
				CLANG_WARN_UNGUARDED_AVAILABILITY = YES_AGGRESSIVE;
				CLANG_WARN_UNREACHABLE_CODE = YES;
				CLANG_WARN__DUPLICATE_METHOD_MATCH = YES;
				CODE_SIGN_IDENTITY = "Mac Developer";
				COPY_PHASE_STRIP = NO;
				DEBUG_INFORMATION_FORMAT = "dwarf-with-dsym";
				ENABLE_NS_ASSERTIONS = NO;
				ENABLE_STRICT_OBJC_MSGSEND = YES;
				GCC_C_LANGUAGE_STANDARD = gnu11;
				GCC_NO_COMMON_BLOCKS = YES;
				GCC_WARN_64_TO_32_BIT_CONVERSION = YES;
				GCC_WARN_ABOUT_RETURN_TYPE = YES_ERROR;
				GCC_WARN_UNDECLARED_SELECTOR = YES;
				GCC_WARN_UNINITIALIZED_AUTOS = YES_AGGRESSIVE;
				GCC_WARN_UNUSED_FUNCTION = YES;
				GCC_WARN_UNUSED_VARIABLE = YES;
				MACOSX_DEPLOYMENT_TARGET = 10.14;
				MTL_ENABLE_DEBUG_INFO = NO;
				MTL_FAST_MATH = YES;
				SDKROOT = macosx;
				SWIFT_COMPILATION_MODE = wholemodule;
				SWIFT_OPTIMIZATION_LEVEL = "-O";
			};
			name = Release;
		};
		3DA526FF21AE735C00BC7D18 /* Debug */ = {
			isa = XCBuildConfiguration;
			buildSettings = {
				ASSETCATALOG_COMPILER_APPICON_NAME = AppIcon;
				CODE_SIGN_ENTITLEMENTS = Project1/Project1.entitlements;
				CODE_SIGN_STYLE = Automatic;
				COMBINE_HIDPI_IMAGES = YES;
				DEVELOPMENT_TEAM = 54K7MQLDWY;
				INFOPLIST_FILE = Project1/Info.plist;
				LD_RUNPATH_SEARCH_PATHS = (
					"$(inherited)",
					"@executable_path/../Frameworks",
				);
				PRODUCT_BUNDLE_IDENTIFIER = in.i9s.Project1;
				PRODUCT_NAME = "$(TARGET_NAME)";
				SWIFT_VERSION = 4.2;
			};
			name = Debug;
		};
		3DA5270021AE735C00BC7D18 /* Release */ = {
			isa = XCBuildConfiguration;
			buildSettings = {
				ASSETCATALOG_COMPILER_APPICON_NAME = AppIcon;
				CODE_SIGN_ENTITLEMENTS = Project1/Project1.entitlements;
				CODE_SIGN_STYLE = Automatic;
				COMBINE_HIDPI_IMAGES = YES;
				DEVELOPMENT_TEAM = 54K7MQLDWY;
				INFOPLIST_FILE = Project1/Info.plist;
				LD_RUNPATH_SEARCH_PATHS = (
					"$(inherited)",
					"@executable_path/../Frameworks",
				);
				PRODUCT_BUNDLE_IDENTIFIER = in.i9s.Project1;
				PRODUCT_NAME = "$(TARGET_NAME)";
				SWIFT_VERSION = 4.2;
			};
			name = Release;
		};
/* End XCBuildConfiguration section */

/* Begin XCConfigurationList section */
		3DA526E921AE735B00BC7D18 /* Build configuration list for PBXProject "Project1" */ = {
			isa = XCConfigurationList;
			buildConfigurations = (
				3DA526FC21AE735C00BC7D18 /* Debug */,
				3DA526FD21AE735C00BC7D18 /* Release */,
			);
			defaultConfigurationIsVisible = 0;
			defaultConfigurationName = Release;
		};
		3DA526FE21AE735C00BC7D18 /* Build configuration list for PBXNativeTarget "Project1" */ = {
			isa = XCConfigurationList;
			buildConfigurations = (
				3DA526FF21AE735C00BC7D18 /* Debug */,
				3DA5270021AE735C00BC7D18 /* Release */,
			);
			defaultConfigurationIsVisible = 0;
			defaultConfigurationName = Release;
		};
/* End XCConfigurationList section */
	};
	rootObject = 3DA526E621AE735B00BC7D18 /* Project object */;
}
